
Microsoft Visual Studio Solution File, Format Version 12.00
# Visual Studio Version 16
VisualStudioVersion = 16.0.32428.217
MinimumVisualStudioVersion = 10.0.40219.1
Project("{FAE04EC0-301F-11D3-BF4B-00C04F79EFBC}") = "MyFirst", "MyFirst\MyFirst.csproj", "{98E97382-65D4-4CE3-8649-D6DF452E0AFD}"
EndProject
Global
	GlobalSection(SolutionConfigurationPlatforms) = preSolution
		Debug|Any CPU = Debug|Any CPU
		Release|Any CPU = Release|Any CPU
	EndGlobalSection
	GlobalSection(ProjectConfigurationPlatforms) = postSolution
		{98E97382-65D4-4CE3-8649-D6DF452E0AFD}.Debug|Any CPU.ActiveCfg = Debug|Any CPU
		{98E97382-65D4-4CE3-8649-D6DF452E0AFD}.Debug|Any CPU.Build.0 = Debug|Any CPU
		{98E97382-65D4-4CE3-8649-D6DF452E0AFD}.Release|Any CPU.ActiveCfg = Release|Any CPU
		{98E97382-65D4-4CE3-8649-D6DF452E0AFD}.Release|Any CPU.Build.0 = Release|Any CPU
	EndGlobalSection
	GlobalSection(SolutionProperties) = preSolution
		HideSolutionNode = FALSE
	EndGlobalSection
	GlobalSection(ExtensibilityGlobals) = postSolution
		SolutionGuid = {E9382E31-F151-47DD-B9DB-270535F05A8F}
	EndGlobalSection
EndGlobal
